// !$*UTF8*$!
{
	archiveVersion = 1;
	classes = {
	};
	objectVersion = 77;
	objects = {

/* Begin PBXBuildFile section */
		141FFB9C2DB1E1CD001A403C /* AlarmyRemindersApp.swift in Sources */ = {isa = PBXBuildFile; fileRef = 141FFB962DB1E1CD001A403C /* AlarmyRemindersApp.swift */; };
		141FFB9D2DB1E1CD001A403C /* AppIntents.swift in Sources */ = {isa = PBXBuildFile; fileRef = 141FFB972DB1E1CD001A403C /* AppIntents.swift */; };
		141FFB9E2DB1E1CD001A403C /* ContentView.swift in Sources */ = {isa = PBXBuildFile; fileRef = 141FFB992DB1E1CD001A403C /* ContentView.swift */; };
		141FFB9F2DB1E1CD001A403C /* ViewModel.swift in Sources */ = {isa = PBXBuildFile; fileRef = 141FFB9A2DB1E1CD001A403C /* ViewModel.swift */; };
		141FFBA02DB1E1CD001A403C /* Assets.xcassets in Resources */ = {isa = PBXBuildFile; fileRef = 141FFB982DB1E1CD001A403C /* Assets.xcassets */; };
		141FFBBA2DB2019C001A403C /* AlarmLiveActivityExtension.appex in Embed Foundation Extensions */ = {isa = PBXBuildFile; fileRef = 141FFBA82DB2019A001A403C /* AlarmLiveActivityExtension.appex */; settings = {ATTRIBUTES = (RemoveHeadersOnCopy, ); }; };
		141FFBC62DB201A5001A403C /* Assets.xcassets in Resources */ = {isa = PBXBuildFile; fileRef = 141FFBC32DB201A5001A403C /* Assets.xcassets */; };
		141FFBC92DB201A5001A403C /* AlarmLiveActivityBundle.swift in Sources */ = {isa = PBXBuildFile; fileRef = 141FFBC12DB201A5001A403C /* AlarmLiveActivityBundle.swift */; };
		141FFBCA2DB201A5001A403C /* AlarmLiveActivity.swift in Sources */ = {isa = PBXBuildFile; fileRef = 141FFBC22DB201A5001A403C /* AlarmLiveActivity.swift */; };
		141FFBCB2DB201F5001A403C /* AppIntents.swift in Sources */ = {isa = PBXBuildFile; fileRef = 141FFB972DB1E1CD001A403C /* AppIntents.swift */; };
		14BEA0F22DBDA40F00D885CD /* AlarmForm.swift in Sources */ = {isa = PBXBuildFile; fileRef = 14BEA0F12DBDA40F00D885CD /* AlarmForm.swift */; };
		14BEA0F42DBDA9D600D885CD /* AlarmMetadata.swift in Sources */ = {isa = PBXBuildFile; fileRef = 14BEA0F32DBDA9D600D885CD /* AlarmMetadata.swift */; };
		14BEA0F52DBDA9D600D885CD /* AlarmMetadata.swift in Sources */ = {isa = PBXBuildFile; fileRef = 14BEA0F32DBDA9D600D885CD /* AlarmMetadata.swift */; };
/* End PBXBuildFile section */

/* Begin PBXContainerItemProxy section */
		141FFBB82DB2019C001A403C /* PBXContainerItemProxy */ = {
			isa = PBXContainerItemProxy;
			containerPortal = 141FFB702DB1DF49001A403C /* Project object */;
			proxyType = 1;
			remoteGlobalIDString = 141FFBA72DB2019A001A403C;
			remoteInfo = AlarmLiveActivityExtension;
		};
/* End PBXContainerItemProxy section */

/* Begin PBXCopyFilesBuildPhase section */
		141FFBBB2DB2019C001A403C /* Embed Foundation Extensions */ = {
			isa = PBXCopyFilesBuildPhase;
			buildActionMask = 2147483647;
			dstPath = "";
			dstSubfolderSpec = 13;
			files = (
				141FFBBA2DB2019C001A403C /* AlarmLiveActivityExtension.appex in Embed Foundation Extensions */,
			);
			name = "Embed Foundation Extensions";
			runOnlyForDeploymentPostprocessing = 0;
		};
/* End PBXCopyFilesBuildPhase section */

/* Begin PBXFileReference section */
		141FFB782DB1DF49001A403C /* AlarmyReminders.app */ = {isa = PBXFileReference; explicitFileType = wrapper.application; includeInIndex = 0; path = AlarmyReminders.app; sourceTree = BUILT_PRODUCTS_DIR; };
		141FFB962DB1E1CD001A403C /* AlarmyRemindersApp.swift */ = {isa = PBXFileReference; lastKnownFileType = sourcecode.swift; path = AlarmyRemindersApp.swift; sourceTree = "<group>"; };
		141FFB972DB1E1CD001A403C /* AppIntents.swift */ = {isa = PBXFileReference; lastKnownFileType = sourcecode.swift; path = AppIntents.swift; sourceTree = "<group>"; };
		141FFB982DB1E1CD001A403C /* Assets.xcassets */ = {isa = PBXFileReference; lastKnownFileType = folder.assetcatalog; path = Assets.xcassets; sourceTree = "<group>"; };
		141FFB992DB1E1CD001A403C /* ContentView.swift */ = {isa = PBXFileReference; lastKnownFileType = sourcecode.swift; path = ContentView.swift; sourceTree = "<group>"; };
		141FFB9A2DB1E1CD001A403C /* ViewModel.swift */ = {isa = PBXFileReference; lastKnownFileType = sourcecode.swift; path = ViewModel.swift; sourceTree = "<group>"; };
		141FFBA12DB1E1E2001A403C /* Info.plist */ = {isa = PBXFileReference; lastKnownFileType = text.plist.xml; path = Info.plist; sourceTree = "<group>"; };
		141FFBA82DB2019A001A403C /* AlarmLiveActivityExtension.appex */ = {isa = PBXFileReference; explicitFileType = "wrapper.app-extension"; includeInIndex = 0; path = AlarmLiveActivityExtension.appex; sourceTree = BUILT_PRODUCTS_DIR; };
		141FFBC12DB201A5001A403C /* AlarmLiveActivityBundle.swift */ = {isa = PBXFileReference; lastKnownFileType = sourcecode.swift; path = AlarmLiveActivityBundle.swift; sourceTree = "<group>"; };
		141FFBC22DB201A5001A403C /* AlarmLiveActivity.swift */ = {isa = PBXFileReference; lastKnownFileType = sourcecode.swift; path = AlarmLiveActivity.swift; sourceTree = "<group>"; };
		141FFBC32DB201A5001A403C /* Assets.xcassets */ = {isa = PBXFileReference; lastKnownFileType = folder.assetcatalog; path = Assets.xcassets; sourceTree = "<group>"; };
		141FFBC42DB201A5001A403C /* Info.plist */ = {isa = PBXFileReference; lastKnownFileType = text.plist.xml; path = Info.plist; sourceTree = "<group>"; };
		14BEA0F12DBDA40F00D885CD /* AlarmForm.swift */ = {isa = PBXFileReference; lastKnownFileType = sourcecode.swift; path = AlarmForm.swift; sourceTree = "<group>"; };
		14BEA0F32DBDA9D600D885CD /* AlarmMetadata.swift */ = {isa = PBXFileReference; lastKnownFileType = sourcecode.swift; path = AlarmMetadata.swift; sourceTree = "<group>"; };
/* End PBXFileReference section */

/* Begin PBXFrameworksBuildPhase section */
		141FFB752DB1DF49001A403C /* Frameworks */ = {
			isa = PBXFrameworksBuildPhase;
			buildActionMask = 2147483647;
			files = (
			);
			runOnlyForDeploymentPostprocessing = 0;
		};
		141FFBA52DB2019A001A403C /* Frameworks */ = {
			isa = PBXFrameworksBuildPhase;
			buildActionMask = 2147483647;
			files = (
			);
			runOnlyForDeploymentPostprocessing = 0;
		};
/* End PBXFrameworksBuildPhase section */

/* Begin PBXGroup section */
		141FFB6F2DB1DF49001A403C = {
			isa = PBXGroup;
			children = (
				141FFB9B2DB1E1CD001A403C /* AlarmyReminders */,
				141FFBC52DB201A5001A403C /* AlarmyRemindersLiveActivity */,
				141FFB792DB1DF49001A403C /* Products */,
			);
			sourceTree = "<group>";
		};
		141FFB792DB1DF49001A403C /* Products */ = {
			isa = PBXGroup;
			children = (
				141FFB782DB1DF49001A403C /* AlarmyReminders.app */,
				141FFBA82DB2019A001A403C /* AlarmLiveActivityExtension.appex */,
			);
			name = Products;
			sourceTree = "<group>";
		};
		141FFB9B2DB1E1CD001A403C /* AlarmyReminders */ = {
			isa = PBXGroup;
			children = (
				14BEA0F12DBDA40F00D885CD /* AlarmForm.swift */,
				141FFB962DB1E1CD001A403C /* AlarmyRemindersApp.swift */,
				14BEA0F32DBDA9D600D885CD /* AlarmMetadata.swift */,
				141FFB972DB1E1CD001A403C /* AppIntents.swift */,
				141FFB982DB1E1CD001A403C /* Assets.xcassets */,
				141FFB992DB1E1CD001A403C /* ContentView.swift */,
				141FFB9A2DB1E1CD001A403C /* ViewModel.swift */,
				141FFBA12DB1E1E2001A403C /* Info.plist */,
			);
			path = AlarmyReminders;
			sourceTree = "<group>";
		};
		141FFBC52DB201A5001A403C /* AlarmyRemindersLiveActivity */ = {
			isa = PBXGroup;
			children = (
				141FFBC12DB201A5001A403C /* AlarmLiveActivityBundle.swift */,
				141FFBC22DB201A5001A403C /* AlarmLiveActivity.swift */,
				141FFBC32DB201A5001A403C /* Assets.xcassets */,
				141FFBC42DB201A5001A403C /* Info.plist */,
			);
			path = AlarmyRemindersLiveActivity;
			sourceTree = "<group>";
		};
/* End PBXGroup section */

/* Begin PBXNativeTarget section */
		141FFB772DB1DF49001A403C /* AlarmyReminders */ = {
			isa = PBXNativeTarget;
			buildConfigurationList = 141FFB832DB1DF4B001A403C /* Build configuration list for PBXNativeTarget "AlarmyReminders" */;
			buildPhases = (
				141FFB742DB1DF49001A403C /* Sources */,
				141FFB752DB1DF49001A403C /* Frameworks */,
				141FFB762DB1DF49001A403C /* Resources */,
				141FFBBB2DB2019C001A403C /* Embed Foundation Extensions */,
			);
			buildRules = (
			);
			dependencies = (
				141FFBB92DB2019C001A403C /* PBXTargetDependency */,
			);
			name = AlarmyReminders;
			productName = AlarmyReminders;
			productReference = 141FFB782DB1DF49001A403C /* AlarmyReminders.app */;
			productType = "com.apple.product-type.application";
		};
		141FFBA72DB2019A001A403C /* AlarmLiveActivityExtension */ = {
			isa = PBXNativeTarget;
			buildConfigurationList = 141FFBBF2DB2019C001A403C /* Build configuration list for PBXNativeTarget "AlarmLiveActivityExtension" */;
			buildPhases = (
				141FFBA42DB2019A001A403C /* Sources */,
				141FFBA52DB2019A001A403C /* Frameworks */,
				141FFBA62DB2019A001A403C /* Resources */,
			);
			buildRules = (
			);
			dependencies = (
			);
			name = AlarmLiveActivityExtension;
			productName = AlarmLiveActivityExtension;
			productReference = 141FFBA82DB2019A001A403C /* AlarmLiveActivityExtension.appex */;
			productType = "com.apple.product-type.app-extension";
		};
/* End PBXNativeTarget section */

/* Begin PBXProject section */
		141FFB702DB1DF49001A403C /* Project object */ = {
			isa = PBXProject;
			attributes = {
				BuildIndependentTargetsInParallel = 1;
				LastSwiftUpdateCheck = 1700;
				LastUpgradeCheck = 2600;
				ORGANIZATIONNAME = Apple;
				TargetAttributes = {
					141FFB772DB1DF49001A403C = {
						CreatedOnToolsVersion = 17.0;
					};
					141FFBA72DB2019A001A403C = {
						CreatedOnToolsVersion = 17.0;
					};
				};
			};
			buildConfigurationList = 141FFB732DB1DF49001A403C /* Build configuration list for PBXProject "AlarmyReminders" */;
			developmentRegion = en;
			hasScannedForEncodings = 0;
			knownRegions = (
				en,
				Base,
			);
			mainGroup = 141FFB6F2DB1DF49001A403C;
			preferredProjectObjectVersion = 77;
			productRefGroup = 141FFB792DB1DF49001A403C /* Products */;
			projectDirPath = "";
			projectRoot = "";
			targets = (
				141FFB772DB1DF49001A403C /* AlarmyReminders */,
				141FFBA72DB2019A001A403C /* AlarmLiveActivityExtension */,
			);
		};
/* End PBXProject section */

/* Begin PBXResourcesBuildPhase section */
		141FFB762DB1DF49001A403C /* Resources */ = {
			isa = PBXResourcesBuildPhase;
			buildActionMask = 2147483647;
			files = (
				141FFBA02DB1E1CD001A403C /* Assets.xcassets in Resources */,
			);
			runOnlyForDeploymentPostprocessing = 0;
		};
		141FFBA62DB2019A001A403C /* Resources */ = {
			isa = PBXResourcesBuildPhase;
			buildActionMask = 2147483647;
			files = (
				141FFBC62DB201A5001A403C /* Assets.xcassets in Resources */,
			);
			runOnlyForDeploymentPostprocessing = 0;
		};
/* End PBXResourcesBuildPhase section */

/* Begin PBXSourcesBuildPhase section */
		141FFB742DB1DF49001A403C /* Sources */ = {
			isa = PBXSourcesBuildPhase;
			buildActionMask = 2147483647;
			files = (
				141FFB9C2DB1E1CD001A403C /* AlarmyRemindersApp.swift in Sources */,
				141FFB9D2DB1E1CD001A403C /* AppIntents.swift in Sources */,
				14BEA0F42DBDA9D600D885CD /* AlarmMetadata.swift in Sources */,
				141FFB9E2DB1E1CD001A403C /* ContentView.swift in Sources */,
				14BEA0F22DBDA40F00D885CD /* AlarmForm.swift in Sources */,
				141FFB9F2DB1E1CD001A403C /* ViewModel.swift in Sources */,
			);
			runOnlyForDeploymentPostprocessing = 0;
		};
		141FFBA42DB2019A001A403C /* Sources */ = {
			isa = PBXSourcesBuildPhase;
			buildActionMask = 2147483647;
			files = (
				14BEA0F52DBDA9D600D885CD /* AlarmMetadata.swift in Sources */,
				141FFBCB2DB201F5001A403C /* AppIntents.swift in Sources */,
				141FFBC92DB201A5001A403C /* AlarmLiveActivityBundle.swift in Sources */,
				141FFBCA2DB201A5001A403C /* AlarmLiveActivity.swift in Sources */,
			);
			runOnlyForDeploymentPostprocessing = 0;
		};
/* End PBXSourcesBuildPhase section */

/* Begin PBXTargetDependency section */
		141FFBB92DB2019C001A403C /* PBXTargetDependency */ = {
			isa = PBXTargetDependency;
			target = 141FFBA72DB2019A001A403C /* AlarmLiveActivityExtension */;
			targetProxy = 141FFBB82DB2019C001A403C /* PBXContainerItemProxy */;
		};
/* End PBXTargetDependency section */

/* Begin XCBuildConfiguration section */
		141FFB812DB1DF4B001A403C /* Debug */ = {
			isa = XCBuildConfiguration;
			buildSettings = {
				ALWAYS_SEARCH_USER_PATHS = NO;
				ASSETCATALOG_COMPILER_GENERATE_SWIFT_ASSET_SYMBOL_EXTENSIONS = YES;
				CLANG_ANALYZER_NONNULL = YES;
				CLANG_ANALYZER_NUMBER_OBJECT_CONVERSION = YES_AGGRESSIVE;
				CLANG_CXX_LANGUAGE_STANDARD = "gnu++20";
				CLANG_ENABLE_MODULES = YES;
				CLANG_ENABLE_OBJC_ARC = YES;
				CLANG_ENABLE_OBJC_WEAK = YES;
				CLANG_WARN_BLOCK_CAPTURE_AUTORELEASING = YES;
				CLANG_WARN_BOOL_CONVERSION = YES;
				CLANG_WARN_COMMA = YES;
				CLANG_WARN_CONSTANT_CONVERSION = YES;
				CLANG_WARN_DEPRECATED_OBJC_IMPLEMENTATIONS = YES;
				CLANG_WARN_DIRECT_OBJC_ISA_USAGE = YES_ERROR;
				CLANG_WARN_DOCUMENTATION_COMMENTS = YES;
				CLANG_WARN_EMPTY_BODY = YES;
				CLANG_WARN_ENUM_CONVERSION = YES;
				CLANG_WARN_INFINITE_RECURSION = YES;
				CLANG_WARN_INT_CONVERSION = YES;
				CLANG_WARN_NON_LITERAL_NULL_CONVERSION = YES;
				CLANG_WARN_OBJC_IMPLICIT_RETAIN_SELF = YES;
				CLANG_WARN_OBJC_LITERAL_CONVERSION = YES;
				CLANG_WARN_OBJC_ROOT_CLASS = YES_ERROR;
				CLANG_WARN_QUOTED_INCLUDE_IN_FRAMEWORK_HEADER = YES;
				CLANG_WARN_RANGE_LOOP_ANALYSIS = YES;
				CLANG_WARN_STRICT_PROTOTYPES = YES;
				CLANG_WARN_SUSPICIOUS_MOVE = YES;
				CLANG_WARN_UNGUARDED_AVAILABILITY = YES_AGGRESSIVE;
				CLANG_WARN_UNREACHABLE_CODE = YES;
				CLANG_WARN__DUPLICATE_METHOD_MATCH = YES;
				COPY_PHASE_STRIP = NO;
				DEAD_CODE_STRIPPING = YES;
				DEBUG_INFORMATION_FORMAT = dwarf;
				DEVELOPMENT_TEAM = R79LQ2892T;
				ENABLE_STRICT_OBJC_MSGSEND = YES;
				ENABLE_TESTABILITY = YES;
				ENABLE_USER_SCRIPT_SANDBOXING = YES;
				GCC_C_LANGUAGE_STANDARD = gnu17;
				GCC_DYNAMIC_NO_PIC = NO;
				GCC_NO_COMMON_BLOCKS = YES;
				GCC_OPTIMIZATION_LEVEL = 0;
				GCC_PREPROCESSOR_DEFINITIONS = (
					"DEBUG=1",
					"$(inherited)",
				);
				GCC_WARN_64_TO_32_BIT_CONVERSION = YES;
				GCC_WARN_ABOUT_RETURN_TYPE = YES_ERROR;
				GCC_WARN_UNDECLARED_SELECTOR = YES;
				GCC_WARN_UNINITIALIZED_AUTOS = YES_AGGRESSIVE;
				GCC_WARN_UNUSED_FUNCTION = YES;
				GCC_WARN_UNUSED_VARIABLE = YES;
				IPHONEOS_DEPLOYMENT_TARGET = 26.0;
				LOCALIZATION_PREFERS_STRING_CATALOGS = YES;
				MTL_ENABLE_DEBUG_INFO = INCLUDE_SOURCE;
				MTL_FAST_MATH = YES;
				ONLY_ACTIVE_ARCH = YES;
				STRING_CATALOG_GENERATE_SYMBOLS = YES;
				SWIFT_ACTIVE_COMPILATION_CONDITIONS = "DEBUG $(inherited)";
				SWIFT_OPTIMIZATION_LEVEL = "-Onone";
				TVOS_DEPLOYMENT_TARGET = 26.0;
				WATCHOS_DEPLOYMENT_TARGET = 26.0;
				XROS_DEPLOYMENT_TARGET = 26.0;
			};
			name = Debug;
		};
		141FFB822DB1DF4B001A403C /* Release */ = {
			isa = XCBuildConfiguration;
			buildSettings = {
				ALWAYS_SEARCH_USER_PATHS = NO;
				ASSETCATALOG_COMPILER_GENERATE_SWIFT_ASSET_SYMBOL_EXTENSIONS = YES;
				CLANG_ANALYZER_NONNULL = YES;
				CLANG_ANALYZER_NUMBER_OBJECT_CONVERSION = YES_AGGRESSIVE;
				CLANG_CXX_LANGUAGE_STANDARD = "gnu++20";
				CLANG_ENABLE_MODULES = YES;
				CLANG_ENABLE_OBJC_ARC = YES;
				CLANG_ENABLE_OBJC_WEAK = YES;
				CLANG_WARN_BLOCK_CAPTURE_AUTORELEASING = YES;
				CLANG_WARN_BOOL_CONVERSION = YES;
				CLANG_WARN_COMMA = YES;
				CLANG_WARN_CONSTANT_CONVERSION = YES;
				CLANG_WARN_DEPRECATED_OBJC_IMPLEMENTATIONS = YES;
				CLANG_WARN_DIRECT_OBJC_ISA_USAGE = YES_ERROR;
				CLANG_WARN_DOCUMENTATION_COMMENTS = YES;
				CLANG_WARN_EMPTY_BODY = YES;
				CLANG_WARN_ENUM_CONVERSION = YES;
				CLANG_WARN_INFINITE_RECURSION = YES;
				CLANG_WARN_INT_CONVERSION = YES;
				CLANG_WARN_NON_LITERAL_NULL_CONVERSION = YES;
				CLANG_WARN_OBJC_IMPLICIT_RETAIN_SELF = YES;
				CLANG_WARN_OBJC_LITERAL_CONVERSION = YES;
				CLANG_WARN_OBJC_ROOT_CLASS = YES_ERROR;
				CLANG_WARN_QUOTED_INCLUDE_IN_FRAMEWORK_HEADER = YES;
				CLANG_WARN_RANGE_LOOP_ANALYSIS = YES;
				CLANG_WARN_STRICT_PROTOTYPES = YES;
				CLANG_WARN_SUSPICIOUS_MOVE = YES;
				CLANG_WARN_UNGUARDED_AVAILABILITY = YES_AGGRESSIVE;
				CLANG_WARN_UNREACHABLE_CODE = YES;
				CLANG_WARN__DUPLICATE_METHOD_MATCH = YES;
				COPY_PHASE_STRIP = NO;
				DEAD_CODE_STRIPPING = YES;
				DEBUG_INFORMATION_FORMAT = "dwarf-with-dsym";
				DEVELOPMENT_TEAM = R79LQ2892T;
				ENABLE_NS_ASSERTIONS = NO;
				ENABLE_STRICT_OBJC_MSGSEND = YES;
				ENABLE_USER_SCRIPT_SANDBOXING = YES;
				GCC_C_LANGUAGE_STANDARD = gnu17;
				GCC_NO_COMMON_BLOCKS = YES;
				GCC_WARN_64_TO_32_BIT_CONVERSION = YES;
				GCC_WARN_ABOUT_RETURN_TYPE = YES_ERROR;
				GCC_WARN_UNDECLARED_SELECTOR = YES;
				GCC_WARN_UNINITIALIZED_AUTOS = YES_AGGRESSIVE;
				GCC_WARN_UNUSED_FUNCTION = YES;
				GCC_WARN_UNUSED_VARIABLE = YES;
				IPHONEOS_DEPLOYMENT_TARGET = 26.0;
				LOCALIZATION_PREFERS_STRING_CATALOGS = YES;
				MTL_ENABLE_DEBUG_INFO = NO;
				MTL_FAST_MATH = YES;
				STRING_CATALOG_GENERATE_SYMBOLS = YES;
				SWIFT_COMPILATION_MODE = wholemodule;
				TVOS_DEPLOYMENT_TARGET = 26.0;
				WATCHOS_DEPLOYMENT_TARGET = 26.0;
				XROS_DEPLOYMENT_TARGET = 26.0;
			};
			name = Release;
		};
		141FFB842DB1DF4B001A403C /* Debug */ = {
			isa = XCBuildConfiguration;
			buildSettings = {
				ASSETCATALOG_COMPILER_APPICON_NAME = AppIcon;
				ASSETCATALOG_COMPILER_GLOBAL_ACCENT_COLOR_NAME = AccentColor;
				CODE_SIGN_IDENTITY = "Apple Development";
				CODE_SIGN_STYLE = Automatic;
				CURRENT_PROJECT_VERSION = 1;
				DEAD_CODE_STRIPPING = YES;
				ENABLE_APP_SANDBOX = YES;
				ENABLE_HARDENED_RUNTIME = YES;
				ENABLE_PREVIEWS = YES;
				ENABLE_USER_SCRIPT_SANDBOXING = YES;
				ENABLE_USER_SELECTED_FILES = readonly;
				GENERATE_INFOPLIST_FILE = YES;
				INFOPLIST_FILE = AlarmyReminders/Info.plist;
				INFOPLIST_KEY_UIApplicationSceneManifest_Generation = YES;
				"INFOPLIST_KEY_UIApplicationSupportsIndirectInputEvents[sdk=iphoneos*]" = YES;
				"INFOPLIST_KEY_UIApplicationSupportsIndirectInputEvents[sdk=iphonesimulator*]" = YES;
				"INFOPLIST_KEY_UILaunchScreen_Generation[sdk=iphoneos*]" = YES;
				"INFOPLIST_KEY_UILaunchScreen_Generation[sdk=iphonesimulator*]" = YES;
				"INFOPLIST_KEY_UIStatusBarStyle[sdk=iphoneos*]" = UIStatusBarStyleDefault;
				"INFOPLIST_KEY_UIStatusBarStyle[sdk=iphonesimulator*]" = UIStatusBarStyleDefault;
				INFOPLIST_KEY_UISupportedInterfaceOrientations_iPad = "UIInterfaceOrientationPortrait UIInterfaceOrientationPortraitUpsideDown UIInterfaceOrientationLandscapeLeft UIInterfaceOrientationLandscapeRight";
				INFOPLIST_KEY_UISupportedInterfaceOrientations_iPhone = "UIInterfaceOrientationPortrait UIInterfaceOrientationLandscapeLeft UIInterfaceOrientationLandscapeRight";
				INFOPLIST_OUTPUT_FORMAT = "same-as-input";
				IPHONEOS_DEPLOYMENT_TARGET = 26.0;
				LD_RUNPATH_SEARCH_PATHS = "@executable_path/Frameworks";
				"LD_RUNPATH_SEARCH_PATHS[sdk=macosx*]" = "@executable_path/../Frameworks";
				MACOSX_DEPLOYMENT_TARGET = 15.2;
				MARKETING_VERSION = 1.0;
				PRODUCT_BUNDLE_IDENTIFIER = com.vaibhavparashar.AlarmyReminders;
				PRODUCT_NAME = AlarmyReminders;
				PROVISIONING_PROFILE_SPECIFIER = "";
				REGISTER_APP_GROUPS = YES;
				SDKROOT = auto;
				STRING_CATALOG_GENERATE_SYMBOLS = YES;
				SUPPORTED_PLATFORMS = "iphoneos iphonesimulator";
				SUPPORTS_MACCATALYST = NO;
				SWIFT_EMIT_LOC_STRINGS = YES;
				SWIFT_VERSION = 5.0;
				TARGETED_DEVICE_FAMILY = "1,7";
			};
			name = Debug;
		};
		141FFB852DB1DF4B001A403C /* Release */ = {
			isa = XCBuildConfiguration;
			buildSettings = {
				ASSETCATALOG_COMPILER_APPICON_NAME = AppIcon;
				ASSETCATALOG_COMPILER_GLOBAL_ACCENT_COLOR_NAME = AccentColor;
				CODE_SIGN_IDENTITY = "Apple Development";
				CODE_SIGN_STYLE = Automatic;
				CURRENT_PROJECT_VERSION = 1;
				DEAD_CODE_STRIPPING = YES;
				ENABLE_APP_SANDBOX = YES;
				ENABLE_HARDENED_RUNTIME = YES;
				ENABLE_PREVIEWS = YES;
				ENABLE_USER_SCRIPT_SANDBOXING = YES;
				ENABLE_USER_SELECTED_FILES = readonly;
				GENERATE_INFOPLIST_FILE = YES;
				INFOPLIST_FILE = AlarmyReminders/Info.plist;
				INFOPLIST_KEY_UIApplicationSceneManifest_Generation = YES;
				"INFOPLIST_KEY_UIApplicationSupportsIndirectInputEvents[sdk=iphoneos*]" = YES;
				"INFOPLIST_KEY_UIApplicationSupportsIndirectInputEvents[sdk=iphonesimulator*]" = YES;
				"INFOPLIST_KEY_UILaunchScreen_Generation[sdk=iphoneos*]" = YES;
				"INFOPLIST_KEY_UILaunchScreen_Generation[sdk=iphonesimulator*]" = YES;
				"INFOPLIST_KEY_UIStatusBarStyle[sdk=iphoneos*]" = UIStatusBarStyleDefault;
				"INFOPLIST_KEY_UIStatusBarStyle[sdk=iphonesimulator*]" = UIStatusBarStyleDefault;
				INFOPLIST_KEY_UISupportedInterfaceOrientations_iPad = "UIInterfaceOrientationPortrait UIInterfaceOrientationPortraitUpsideDown UIInterfaceOrientationLandscapeLeft UIInterfaceOrientationLandscapeRight";
				INFOPLIST_KEY_UISupportedInterfaceOrientations_iPhone = "UIInterfaceOrientationPortrait UIInterfaceOrientationLandscapeLeft UIInterfaceOrientationLandscapeRight";
				INFOPLIST_OUTPUT_FORMAT = "same-as-input";
				IPHONEOS_DEPLOYMENT_TARGET = 26.0;
				LD_RUNPATH_SEARCH_PATHS = "@executable_path/Frameworks";
				"LD_RUNPATH_SEARCH_PATHS[sdk=macosx*]" = "@executable_path/../Frameworks";
				MACOSX_DEPLOYMENT_TARGET = 15.2;
				MARKETING_VERSION = 1.0;
				PRODUCT_BUNDLE_IDENTIFIER = com.vaibhavparashar.AlarmyReminders;
				PRODUCT_NAME = AlarmyReminders;
				PROVISIONING_PROFILE_SPECIFIER = "";
				REGISTER_APP_GROUPS = YES;
				SDKROOT = auto;
				STRING_CATALOG_GENERATE_SYMBOLS = YES;
				SUPPORTED_PLATFORMS = "iphoneos iphonesimulator";
				SUPPORTS_MACCATALYST = NO;
				SWIFT_EMIT_LOC_STRINGS = YES;
				SWIFT_VERSION = 5.0;
				TARGETED_DEVICE_FAMILY = "1,7";
			};
			name = Release;
		};
		141FFBBC2DB2019C001A403C /* Debug */ = {
			isa = XCBuildConfiguration;
			buildSettings = {
				ASSETCATALOG_COMPILER_GLOBAL_ACCENT_COLOR_NAME = AccentColor;
				ASSETCATALOG_COMPILER_WIDGET_BACKGROUND_COLOR_NAME = WidgetBackground;
				CODE_SIGN_IDENTITY = "Apple Development";
				CODE_SIGN_STYLE = Automatic;
				CURRENT_PROJECT_VERSION = 1;
				ENABLE_USER_SCRIPT_SANDBOXING = YES;
				GENERATE_INFOPLIST_FILE = YES;
				INFOPLIST_FILE = AlarmyRemindersLiveActivity/Info.plist;
				INFOPLIST_KEY_CFBundleDisplayName = AlarmLiveActivity;
				INFOPLIST_KEY_NSHumanReadableCopyright = "";
				INFOPLIST_KEY_UIApplicationSceneManifest_Generation = YES;
				IPHONEOS_DEPLOYMENT_TARGET = 26.0;
				LD_RUNPATH_SEARCH_PATHS = (
					"$(inherited)",
					"@executable_path/Frameworks",
					"@executable_path/../../Frameworks",
				);
				MARKETING_VERSION = 1.0;
				PRODUCT_BUNDLE_IDENTIFIER = com.vaibhavparashar.AlarmyReminders.AlarmLiveActivity;
				PRODUCT_NAME = "$(TARGET_NAME)";
				PROVISIONING_PROFILE_SPECIFIER = "";
				SDKROOT = iphoneos;
				SKIP_INSTALL = YES;
				STRING_CATALOG_GENERATE_SYMBOLS = YES;
				SUPPORTED_PLATFORMS = "iphoneos iphonesimulator";
				SUPPORTS_MACCATALYST = NO;
				SUPPORTS_MAC_DESIGNED_FOR_IPHONE_IPAD = NO;
				SWIFT_EMIT_LOC_STRINGS = YES;
				SWIFT_VERSION = 5.0;
				TARGETED_DEVICE_FAMILY = "1,2";
			};
			name = Debug;
		};
		141FFBBD2DB2019C001A403C /* Release */ = {
			isa = XCBuildConfiguration;
			buildSettings = {
				ASSETCATALOG_COMPILER_GLOBAL_ACCENT_COLOR_NAME = AccentColor;
				ASSETCATALOG_COMPILER_WIDGET_BACKGROUND_COLOR_NAME = WidgetBackground;
				CODE_SIGN_IDENTITY = "Apple Development";
				CODE_SIGN_STYLE = Automatic;
				CURRENT_PROJECT_VERSION = 1;
				ENABLE_USER_SCRIPT_SANDBOXING = YES;
				GENERATE_INFOPLIST_FILE = YES;
				INFOPLIST_FILE = AlarmyRemindersLiveActivity/Info.plist;
				INFOPLIST_KEY_CFBundleDisplayName = AlarmLiveActivity;
				INFOPLIST_KEY_NSHumanReadableCopyright = "";
				INFOPLIST_KEY_UIApplicationSceneManifest_Generation = YES;
				IPHONEOS_DEPLOYMENT_TARGET = 26.0;
				LD_RUNPATH_SEARCH_PATHS = (
					"$(inherited)",
					"@executable_path/Frameworks",
					"@executable_path/../../Frameworks",
				);
				MARKETING_VERSION = 1.0;
				PRODUCT_BUNDLE_IDENTIFIER = com.vaibhavparashar.AlarmyReminders.AlarmLiveActivity;
				PRODUCT_NAME = "$(TARGET_NAME)";
				PROVISIONING_PROFILE_SPECIFIER = "";
				SDKROOT = iphoneos;
				SKIP_INSTALL = YES;
				STRING_CATALOG_GENERATE_SYMBOLS = YES;
				SUPPORTED_PLATFORMS = "iphoneos iphonesimulator";
				SUPPORTS_MACCATALYST = NO;
				SUPPORTS_MAC_DESIGNED_FOR_IPHONE_IPAD = NO;
				SWIFT_EMIT_LOC_STRINGS = YES;
				SWIFT_VERSION = 5.0;
				TARGETED_DEVICE_FAMILY = "1,2";
				VALIDATE_PRODUCT = YES;
			};
			name = Release;
		};
/* End XCBuildConfiguration section */

/* Begin XCConfigurationList section */
		141FFB732DB1DF49001A403C /* Build configuration list for PBXProject "AlarmyReminders" */ = {
			isa = XCConfigurationList;
			buildConfigurations = (
				141FFB812DB1DF4B001A403C /* Debug */,
				141FFB822DB1DF4B001A403C /* Release */,
			);
			defaultConfigurationIsVisible = 0;
			defaultConfigurationName = Release;
		};
		141FFB832DB1DF4B001A403C /* Build configuration list for PBXNativeTarget "AlarmyReminders" */ = {
			isa = XCConfigurationList;
			buildConfigurations = (
				141FFB842DB1DF4B001A403C /* Debug */,
				141FFB852DB1DF4B001A403C /* Release */,
			);
			defaultConfigurationIsVisible = 0;
			defaultConfigurationName = Release;
		};
		141FFBBF2DB2019C001A403C /* Build configuration list for PBXNativeTarget "AlarmLiveActivityExtension" */ = {
			isa = XCConfigurationList;
			buildConfigurations = (
				141FFBBC2DB2019C001A403C /* Debug */,
				141FFBBD2DB2019C001A403C /* Release */,
			);
			defaultConfigurationIsVisible = 0;
			defaultConfigurationName = Release;
		};
/* End XCConfigurationList section */
	};
	rootObject = 141FFB702DB1DF49001A403C /* Project object */;
}
